
Microsoft Visual Studio Solution File, Format Version 12.00
# Visual Studio Version 17
VisualStudioVersion = 17.9.34701.34
MinimumVisualStudioVersion = 10.0.40219.1
Project("{2150E333-8FDC-42A3-9474-1A3956D46DE8}") = "src", "src", "{5D82675B-2CA4-4B2A-BF9B-BD5C7CE7E431}"
EndProject
Project("{2150E333-8FDC-42A3-9474-1A3956D46DE8}") = "ui", "ui", "{22AC7B0D-25B3-4A6D-B10B-EFC97C8D73CE}"
EndProject
Project("{2150E333-8FDC-42A3-9474-1A3956D46DE8}") = "external", "external", "{F770A8E2-1EB6-4855-9EE5-4C7141F4598C}"
EndProject
Project("{2150E333-8FDC-42A3-9474-1A3956D46DE8}") = "core", "core", "{5616A1B1-BB9B-4ACE-A9BB-9C8A0DE6DE41}"
EndProject
Project("{9A19103F-16F7-4668-BE54-9A1E7A4F7556}") = "SymphonicAvenue.Domain", "src\core\SymphonicAvenue.Domain\SymphonicAvenue.Domain.csproj", "{52AE75D6-AE46-4E50-B8AE-107F41418D36}"
EndProject
Project("{9A19103F-16F7-4668-BE54-9A1E7A4F7556}") = "SymphonicAvenue.Application", "src\core\SymphonicAvenue.Application\SymphonicAvenue.Application.csproj", "{2A567380-5FE0-4B4B-ABF8-D4E56F89CDC8}"
EndProject
Project("{9A19103F-16F7-4668-BE54-9A1E7A4F7556}") = "SymphonicAvenue.Infrastructure", "src\external\SymphonicAvenue.Infrastructure\SymphonicAvenue.Infrastructure.csproj", "{843E549C-47E8-46F9-8A7A-BCC68ABD0484}"
EndProject
Project("{9A19103F-16F7-4668-BE54-9A1E7A4F7556}") = "SymphonicAvenue.Persistence", "src\external\SymphonicAvenue.Persistence\SymphonicAvenue.Persistence.csproj", "{1909DA39-C21C-4182-AD62-91C182AF7C01}"
EndProject
Project("{FAE04EC0-301F-11D3-BF4B-00C04F79EFBC}") = "SymphonicAvenue.WebAPI", "src\ui\SymphonicAvenue.WebAPI\SymphonicAvenue.WebAPI.csproj", "{6D4585D9-1531-4718-91E2-9C34D9A20AC0}"
EndProject
Global
	GlobalSection(SolutionConfigurationPlatforms) = preSolution
		Debug|Any CPU = Debug|Any CPU
		Release|Any CPU = Release|Any CPU
	EndGlobalSection
	GlobalSection(ProjectConfigurationPlatforms) = postSolution
		{52AE75D6-AE46-4E50-B8AE-107F41418D36}.Debug|Any CPU.ActiveCfg = Debug|Any CPU
		{52AE75D6-AE46-4E50-B8AE-107F41418D36}.Debug|Any CPU.Build.0 = Debug|Any CPU
		{52AE75D6-AE46-4E50-B8AE-107F41418D36}.Release|Any CPU.ActiveCfg = Release|Any CPU
		{52AE75D6-AE46-4E50-B8AE-107F41418D36}.Release|Any CPU.Build.0 = Release|Any CPU
		{2A567380-5FE0-4B4B-ABF8-D4E56F89CDC8}.Debug|Any CPU.ActiveCfg = Debug|Any CPU
		{2A567380-5FE0-4B4B-ABF8-D4E56F89CDC8}.Debug|Any CPU.Build.0 = Debug|Any CPU
		{2A567380-5FE0-4B4B-ABF8-D4E56F89CDC8}.Release|Any CPU.ActiveCfg = Release|Any CPU
		{2A567380-5FE0-4B4B-ABF8-D4E56F89CDC8}.Release|Any CPU.Build.0 = Release|Any CPU
		{843E549C-47E8-46F9-8A7A-BCC68ABD0484}.Debug|Any CPU.ActiveCfg = Debug|Any CPU
		{843E549C-47E8-46F9-8A7A-BCC68ABD0484}.Debug|Any CPU.Build.0 = Debug|Any CPU
		{843E549C-47E8-46F9-8A7A-BCC68ABD0484}.Release|Any CPU.ActiveCfg = Release|Any CPU
		{843E549C-47E8-46F9-8A7A-BCC68ABD0484}.Release|Any CPU.Build.0 = Release|Any CPU
		{1909DA39-C21C-4182-AD62-91C182AF7C01}.Debug|Any CPU.ActiveCfg = Debug|Any CPU
		{1909DA39-C21C-4182-AD62-91C182AF7C01}.Debug|Any CPU.Build.0 = Debug|Any CPU
		{1909DA39-C21C-4182-AD62-91C182AF7C01}.Release|Any CPU.ActiveCfg = Release|Any CPU
		{1909DA39-C21C-4182-AD62-91C182AF7C01}.Release|Any CPU.Build.0 = Release|Any CPU
		{6D4585D9-1531-4718-91E2-9C34D9A20AC0}.Debug|Any CPU.ActiveCfg = Debug|Any CPU
		{6D4585D9-1531-4718-91E2-9C34D9A20AC0}.Debug|Any CPU.Build.0 = Debug|Any CPU
		{6D4585D9-1531-4718-91E2-9C34D9A20AC0}.Release|Any CPU.ActiveCfg = Release|Any CPU
		{6D4585D9-1531-4718-91E2-9C34D9A20AC0}.Release|Any CPU.Build.0 = Release|Any CPU
	EndGlobalSection
	GlobalSection(SolutionProperties) = preSolution
		HideSolutionNode = FALSE
	EndGlobalSection
	GlobalSection(NestedProjects) = preSolution
		{22AC7B0D-25B3-4A6D-B10B-EFC97C8D73CE} = {5D82675B-2CA4-4B2A-BF9B-BD5C7CE7E431}
		{F770A8E2-1EB6-4855-9EE5-4C7141F4598C} = {5D82675B-2CA4-4B2A-BF9B-BD5C7CE7E431}
		{5616A1B1-BB9B-4ACE-A9BB-9C8A0DE6DE41} = {5D82675B-2CA4-4B2A-BF9B-BD5C7CE7E431}
		{52AE75D6-AE46-4E50-B8AE-107F41418D36} = {5616A1B1-BB9B-4ACE-A9BB-9C8A0DE6DE41}
		{2A567380-5FE0-4B4B-ABF8-D4E56F89CDC8} = {5616A1B1-BB9B-4ACE-A9BB-9C8A0DE6DE41}
		{843E549C-47E8-46F9-8A7A-BCC68ABD0484} = {F770A8E2-1EB6-4855-9EE5-4C7141F4598C}
		{1909DA39-C21C-4182-AD62-91C182AF7C01} = {F770A8E2-1EB6-4855-9EE5-4C7141F4598C}
		{6D4585D9-1531-4718-91E2-9C34D9A20AC0} = {22AC7B0D-25B3-4A6D-B10B-EFC97C8D73CE}
	EndGlobalSection
	GlobalSection(ExtensibilityGlobals) = postSolution
		SolutionGuid = {BBE8BEAB-118E-4812-9993-C2B60CD96722}
	EndGlobalSection
EndGlobal
